
Microsoft Visual Studio Solution File, Format Version 12.00
# Visual Studio Version 16
VisualStudioVersion = 16.0.30406.217
MinimumVisualStudioVersion = 10.0.40219.1
Project("{FAE04EC0-301F-11D3-BF4B-00C04F79EFBC}") = "letter G", "lettel G\letter G.csproj", "{87212287-D9CE-46A3-A430-3D637162B003}"
EndProject
Global
	GlobalSection(SolutionConfigurationPlatforms) = preSolution
		Debug|Any CPU = Debug|Any CPU
		Release|Any CPU = Release|Any CPU
	EndGlobalSection
	GlobalSection(ProjectConfigurationPlatforms) = postSolution
		{87212287-D9CE-46A3-A430-3D637162B003}.Debug|Any CPU.ActiveCfg = Debug|Any CPU
		{87212287-D9CE-46A3-A430-3D637162B003}.Debug|Any CPU.Build.0 = Debug|Any CPU
		{87212287-D9CE-46A3-A430-3D637162B003}.Release|Any CPU.ActiveCfg = Release|Any CPU
		{87212287-D9CE-46A3-A430-3D637162B003}.Release|Any CPU.Build.0 = Release|Any CPU
	EndGlobalSection
	GlobalSection(SolutionProperties) = preSolution
		HideSolutionNode = FALSE
	EndGlobalSection
	GlobalSection(ExtensibilityGlobals) = postSolution
		SolutionGuid = {1585CA7D-D524-4B17-95ED-76F9DCEC4264}
	EndGlobalSection
EndGlobal
